
Microsoft Visual Studio Solution File, Format Version 12.00
# Visual Studio 15
VisualStudioVersion = 15.0.27004.2009
MinimumVisualStudioVersion = 10.0.40219.1
Project("{9A19103F-16F7-4668-BE54-9A1E7A4F7556}") = "Aklion.Crm", "Aklion.Crm\Aklion.Crm.csproj", "{973018BC-FA82-4FE0-BAC3-0EC97E706CEF}"
EndProject
Project("{9A19103F-16F7-4668-BE54-9A1E7A4F7556}") = "Aklion.Crm.Business", "Aklion.Crm.Business\Aklion.Crm.Business.csproj", "{C3FAE165-373E-4428-BD04-9B6AE62ADBFE}"
EndProject
Project("{9A19103F-16F7-4668-BE54-9A1E7A4F7556}") = "Aklion.Crm.Dao", "Aklion.Crm.Dao\Aklion.Crm.Dao.csproj", "{76DCA560-CB75-4361-AB2B-40F854DD69F2}"
EndProject
Project("{2150E333-8FDC-42A3-9474-1A3956D46DE8}") = "infrastructure", "infrastructure", "{C40D818E-4559-4F76-885C-DF22D7A0D956}"
EndProject
Project("{2150E333-8FDC-42A3-9474-1A3956D46DE8}") = "crm", "crm", "{E6F7CEED-2768-4DA9-877D-395C85FB22F8}"
	ProjectSection(SolutionItems) = preProject
		Init.sql = Init.sql
	EndProjectSection
EndProject
Project("{9A19103F-16F7-4668-BE54-9A1E7A4F7556}") = "Aklion.Crm.Enums", "Aklion.Crm.Enums\Aklion.Crm.Enums.csproj", "{3E461501-EB05-4E20-94F7-2DB29701776F}"
EndProject
Project("{FAE04EC0-301F-11D3-BF4B-00C04F79EFBC}") = "Aklion.Crm.Domain", "Aklion.Crm.Domain\Aklion.Crm.Domain.csproj", "{A34EFBF8-760D-4878-A7BD-AB0E050715C1}"
EndProject
Project("{9A19103F-16F7-4668-BE54-9A1E7A4F7556}") = "Aklion.Infrastructure", "Aklion.Infrastructure\Aklion.Infrastructure.csproj", "{66FAF0E8-BC83-4CE3-A8E1-27B33DEC099B}"
EndProject
Global
	GlobalSection(SolutionConfigurationPlatforms) = preSolution
		Debug|Any CPU = Debug|Any CPU
		Release|Any CPU = Release|Any CPU
	EndGlobalSection
	GlobalSection(ProjectConfigurationPlatforms) = postSolution
		{973018BC-FA82-4FE0-BAC3-0EC97E706CEF}.Debug|Any CPU.ActiveCfg = Debug|Any CPU
		{973018BC-FA82-4FE0-BAC3-0EC97E706CEF}.Debug|Any CPU.Build.0 = Debug|Any CPU
		{973018BC-FA82-4FE0-BAC3-0EC97E706CEF}.Release|Any CPU.ActiveCfg = Release|Any CPU
		{973018BC-FA82-4FE0-BAC3-0EC97E706CEF}.Release|Any CPU.Build.0 = Release|Any CPU
		{C3FAE165-373E-4428-BD04-9B6AE62ADBFE}.Debug|Any CPU.ActiveCfg = Debug|Any CPU
		{C3FAE165-373E-4428-BD04-9B6AE62ADBFE}.Debug|Any CPU.Build.0 = Debug|Any CPU
		{C3FAE165-373E-4428-BD04-9B6AE62ADBFE}.Release|Any CPU.ActiveCfg = Release|Any CPU
		{C3FAE165-373E-4428-BD04-9B6AE62ADBFE}.Release|Any CPU.Build.0 = Release|Any CPU
		{76DCA560-CB75-4361-AB2B-40F854DD69F2}.Debug|Any CPU.ActiveCfg = Debug|Any CPU
		{76DCA560-CB75-4361-AB2B-40F854DD69F2}.Debug|Any CPU.Build.0 = Debug|Any CPU
		{76DCA560-CB75-4361-AB2B-40F854DD69F2}.Release|Any CPU.ActiveCfg = Release|Any CPU
		{76DCA560-CB75-4361-AB2B-40F854DD69F2}.Release|Any CPU.Build.0 = Release|Any CPU
		{3E461501-EB05-4E20-94F7-2DB29701776F}.Debug|Any CPU.ActiveCfg = Debug|Any CPU
		{3E461501-EB05-4E20-94F7-2DB29701776F}.Debug|Any CPU.Build.0 = Debug|Any CPU
		{3E461501-EB05-4E20-94F7-2DB29701776F}.Release|Any CPU.ActiveCfg = Release|Any CPU
		{3E461501-EB05-4E20-94F7-2DB29701776F}.Release|Any CPU.Build.0 = Release|Any CPU
		{A34EFBF8-760D-4878-A7BD-AB0E050715C1}.Debug|Any CPU.ActiveCfg = Debug|Any CPU
		{A34EFBF8-760D-4878-A7BD-AB0E050715C1}.Debug|Any CPU.Build.0 = Debug|Any CPU
		{A34EFBF8-760D-4878-A7BD-AB0E050715C1}.Release|Any CPU.ActiveCfg = Release|Any CPU
		{A34EFBF8-760D-4878-A7BD-AB0E050715C1}.Release|Any CPU.Build.0 = Release|Any CPU
		{66FAF0E8-BC83-4CE3-A8E1-27B33DEC099B}.Debug|Any CPU.ActiveCfg = Debug|Any CPU
		{66FAF0E8-BC83-4CE3-A8E1-27B33DEC099B}.Debug|Any CPU.Build.0 = Debug|Any CPU
		{66FAF0E8-BC83-4CE3-A8E1-27B33DEC099B}.Release|Any CPU.ActiveCfg = Release|Any CPU
		{66FAF0E8-BC83-4CE3-A8E1-27B33DEC099B}.Release|Any CPU.Build.0 = Release|Any CPU
	EndGlobalSection
	GlobalSection(SolutionProperties) = preSolution
		HideSolutionNode = FALSE
	EndGlobalSection
	GlobalSection(NestedProjects) = preSolution
		{973018BC-FA82-4FE0-BAC3-0EC97E706CEF} = {E6F7CEED-2768-4DA9-877D-395C85FB22F8}
		{C3FAE165-373E-4428-BD04-9B6AE62ADBFE} = {E6F7CEED-2768-4DA9-877D-395C85FB22F8}
		{76DCA560-CB75-4361-AB2B-40F854DD69F2} = {E6F7CEED-2768-4DA9-877D-395C85FB22F8}
		{3E461501-EB05-4E20-94F7-2DB29701776F} = {E6F7CEED-2768-4DA9-877D-395C85FB22F8}
		{A34EFBF8-760D-4878-A7BD-AB0E050715C1} = {E6F7CEED-2768-4DA9-877D-395C85FB22F8}
		{66FAF0E8-BC83-4CE3-A8E1-27B33DEC099B} = {C40D818E-4559-4F76-885C-DF22D7A0D956}
	EndGlobalSection
	GlobalSection(ExtensibilityGlobals) = postSolution
		SolutionGuid = {8292A160-CFA7-405D-AAFC-2FB0780B3FC1}
	EndGlobalSection
EndGlobal
